
Microsoft Visual Studio Solution File, Format Version 12.00
# Visual Studio Version 16
VisualStudioVersion = 16.0.30717.126
MinimumVisualStudioVersion = 15.0.26124.0
Project("{2150E333-8FDC-42A3-9474-1A3956D46DE8}") = "Aula 17 - Classes", "Aula 17 - Classes", "{675BDD80-2E05-11EB-8679-99160BAD5981}"
EndProject
Project("{9A19103F-16F7-4668-BE54-9A1E7A4F7556}") = "Classes01-POO", "Classes01-POO\Classes01-POO.csproj", "{095E1293-B9E6-4219-8281-C3751213C6F9}"
EndProject
Project("{9A19103F-16F7-4668-BE54-9A1E7A4F7556}") = "Classes02-POO", "Classes02-POO\Classes02-POO.csproj", "{6432A39A-717F-4931-ACD7-64A193601F86}"
EndProject
Project("{2150E333-8FDC-42A3-9474-1A3956D46DE8}") = "Aula 18 - Diferenças entre Classes e Structs", "Aula 18 - Diferenças entre Classes e Structs", "{AF5C0D40-2E7C-11EB-80C1-D51FD0BCC0D5}"
EndProject
Project("{9A19103F-16F7-4668-BE54-9A1E7A4F7556}") = "Diferencas_Classes_Estruturas", "Diferencas_Classes_Estruturas\Diferencas_Classes_Estruturas.csproj", "{441B7B4B-B617-4E58-B5E7-CD5230F04837}"
EndProject
Project("{2150E333-8FDC-42A3-9474-1A3956D46DE8}") = "Aula 19 - Classes (Herança)", "Aula 19 - Classes (Herança)", "{F27E0301-B12E-4385-8B61-700A39253212}"
EndProject
Project("{9A19103F-16F7-4668-BE54-9A1E7A4F7556}") = "Heranca01", "Heranca01\Heranca01.csproj", "{DB58FA22-1430-4085-BAEC-C967D59FAE23}"
EndProject
Project("{9A19103F-16F7-4668-BE54-9A1E7A4F7556}") = "Heranca02", "Heranca02\Heranca02.csproj", "{0982538E-EB02-44E9-BC2A-306F67F130FE}"
EndProject
Project("{9A19103F-16F7-4668-BE54-9A1E7A4F7556}") = "Heranca03", "Heranca03\Heranca03.csproj", "{18CC3109-2446-4585-906E-A7774725FF62}"
EndProject
Project("{2150E333-8FDC-42A3-9474-1A3956D46DE8}") = "Aula 20 - Classes(Static)", "Aula 20 - Classes(Static)", "{3EFD5A4F-1832-4935-ABAB-140849492F85}"
EndProject
Project("{9A19103F-16F7-4668-BE54-9A1E7A4F7556}") = "ClassesStatic01", "ClassesStatic01\ClassesStatic01.csproj", "{2035A998-C68C-46DC-B4D9-FB8D69BC85F4}"
EndProject
Project("{9A19103F-16F7-4668-BE54-9A1E7A4F7556}") = "ClassesStatic02", "ClassesStatic02\ClassesStatic02.csproj", "{8A4809B7-962B-44FF-B65D-C0E60C0F974B}"
EndProject
Project("{9A19103F-16F7-4668-BE54-9A1E7A4F7556}") = "ClassesStatic03", "ClassesStatic03\ClassesStatic03.csproj", "{8D640E83-D124-45DF-AAF1-1965CBE8960C}"
EndProject
Project("{9A19103F-16F7-4668-BE54-9A1E7A4F7556}") = "ClassesStatic04", "ClassesStatic04\ClassesStatic04.csproj", "{1A5B56BC-0455-4B39-B928-6BB4892C705A}"
EndProject
Project("{2150E333-8FDC-42A3-9474-1A3956D46DE8}") = "Aula 21 - Tratamento de Exceções", "Aula 21 - Tratamento de Exceções", "{CA385396-7018-4099-96FC-7F56EB1AF7B2}"
EndProject
Project("{FAE04EC0-301F-11D3-BF4B-00C04F79EFBC}") = "Excecoes01", "Excecoes01\Excecoes01.csproj", "{1B11A5BE-9ECB-4D25-B78F-62ADADB7198E}"
EndProject
Project("{FAE04EC0-301F-11D3-BF4B-00C04F79EFBC}") = "Excecoes02", "Excecoes02\Excecoes02.csproj", "{3091A406-7E14-4273-9342-07E99B190A85}"
EndProject
Project("{FAE04EC0-301F-11D3-BF4B-00C04F79EFBC}") = "Excecoes03", "Excecoes03\Excecoes03.csproj", "{4E203990-FA33-4FA2-A059-5E01E5A31F68}"
EndProject
Project("{FAE04EC0-301F-11D3-BF4B-00C04F79EFBC}") = "Excecoes04", "Excecoes04\Excecoes04.csproj", "{7137B7E8-83AC-48B3-9CE6-652ACE82CF0B}"
EndProject
Project("{FAE04EC0-301F-11D3-BF4B-00C04F79EFBC}") = "Excecoes05", "Excecoes05\Excecoes05.csproj", "{D3DD7134-9825-4E5F-864A-DCA5E81E035B}"
EndProject
Global
	GlobalSection(SolutionConfigurationPlatforms) = preSolution
		Debug|Any CPU = Debug|Any CPU
		Debug|x64 = Debug|x64
		Debug|x86 = Debug|x86
		Release|Any CPU = Release|Any CPU
		Release|x64 = Release|x64
		Release|x86 = Release|x86
	EndGlobalSection
	GlobalSection(ProjectConfigurationPlatforms) = postSolution
		{095E1293-B9E6-4219-8281-C3751213C6F9}.Debug|Any CPU.ActiveCfg = Debug|Any CPU
		{095E1293-B9E6-4219-8281-C3751213C6F9}.Debug|Any CPU.Build.0 = Debug|Any CPU
		{095E1293-B9E6-4219-8281-C3751213C6F9}.Debug|x64.ActiveCfg = Debug|Any CPU
		{095E1293-B9E6-4219-8281-C3751213C6F9}.Debug|x64.Build.0 = Debug|Any CPU
		{095E1293-B9E6-4219-8281-C3751213C6F9}.Debug|x86.ActiveCfg = Debug|Any CPU
		{095E1293-B9E6-4219-8281-C3751213C6F9}.Debug|x86.Build.0 = Debug|Any CPU
		{095E1293-B9E6-4219-8281-C3751213C6F9}.Release|Any CPU.ActiveCfg = Release|Any CPU
		{095E1293-B9E6-4219-8281-C3751213C6F9}.Release|Any CPU.Build.0 = Release|Any CPU
		{095E1293-B9E6-4219-8281-C3751213C6F9}.Release|x64.ActiveCfg = Release|Any CPU
		{095E1293-B9E6-4219-8281-C3751213C6F9}.Release|x64.Build.0 = Release|Any CPU
		{095E1293-B9E6-4219-8281-C3751213C6F9}.Release|x86.ActiveCfg = Release|Any CPU
		{095E1293-B9E6-4219-8281-C3751213C6F9}.Release|x86.Build.0 = Release|Any CPU
		{6432A39A-717F-4931-ACD7-64A193601F86}.Debug|Any CPU.ActiveCfg = Debug|Any CPU
		{6432A39A-717F-4931-ACD7-64A193601F86}.Debug|Any CPU.Build.0 = Debug|Any CPU
		{6432A39A-717F-4931-ACD7-64A193601F86}.Debug|x64.ActiveCfg = Debug|Any CPU
		{6432A39A-717F-4931-ACD7-64A193601F86}.Debug|x64.Build.0 = Debug|Any CPU
		{6432A39A-717F-4931-ACD7-64A193601F86}.Debug|x86.ActiveCfg = Debug|Any CPU
		{6432A39A-717F-4931-ACD7-64A193601F86}.Debug|x86.Build.0 = Debug|Any CPU
		{6432A39A-717F-4931-ACD7-64A193601F86}.Release|Any CPU.ActiveCfg = Release|Any CPU
		{6432A39A-717F-4931-ACD7-64A193601F86}.Release|Any CPU.Build.0 = Release|Any CPU
		{6432A39A-717F-4931-ACD7-64A193601F86}.Release|x64.ActiveCfg = Release|Any CPU
		{6432A39A-717F-4931-ACD7-64A193601F86}.Release|x64.Build.0 = Release|Any CPU
		{6432A39A-717F-4931-ACD7-64A193601F86}.Release|x86.ActiveCfg = Release|Any CPU
		{6432A39A-717F-4931-ACD7-64A193601F86}.Release|x86.Build.0 = Release|Any CPU
		{441B7B4B-B617-4E58-B5E7-CD5230F04837}.Debug|Any CPU.ActiveCfg = Debug|Any CPU
		{441B7B4B-B617-4E58-B5E7-CD5230F04837}.Debug|Any CPU.Build.0 = Debug|Any CPU
		{441B7B4B-B617-4E58-B5E7-CD5230F04837}.Debug|x64.ActiveCfg = Debug|Any CPU
		{441B7B4B-B617-4E58-B5E7-CD5230F04837}.Debug|x64.Build.0 = Debug|Any CPU
		{441B7B4B-B617-4E58-B5E7-CD5230F04837}.Debug|x86.ActiveCfg = Debug|Any CPU
		{441B7B4B-B617-4E58-B5E7-CD5230F04837}.Debug|x86.Build.0 = Debug|Any CPU
		{441B7B4B-B617-4E58-B5E7-CD5230F04837}.Release|Any CPU.ActiveCfg = Release|Any CPU
		{441B7B4B-B617-4E58-B5E7-CD5230F04837}.Release|Any CPU.Build.0 = Release|Any CPU
		{441B7B4B-B617-4E58-B5E7-CD5230F04837}.Release|x64.ActiveCfg = Release|Any CPU
		{441B7B4B-B617-4E58-B5E7-CD5230F04837}.Release|x64.Build.0 = Release|Any CPU
		{441B7B4B-B617-4E58-B5E7-CD5230F04837}.Release|x86.ActiveCfg = Release|Any CPU
		{441B7B4B-B617-4E58-B5E7-CD5230F04837}.Release|x86.Build.0 = Release|Any CPU
		{DB58FA22-1430-4085-BAEC-C967D59FAE23}.Debug|Any CPU.ActiveCfg = Debug|Any CPU
		{DB58FA22-1430-4085-BAEC-C967D59FAE23}.Debug|Any CPU.Build.0 = Debug|Any CPU
		{DB58FA22-1430-4085-BAEC-C967D59FAE23}.Debug|x64.ActiveCfg = Debug|Any CPU
		{DB58FA22-1430-4085-BAEC-C967D59FAE23}.Debug|x64.Build.0 = Debug|Any CPU
		{DB58FA22-1430-4085-BAEC-C967D59FAE23}.Debug|x86.ActiveCfg = Debug|Any CPU
		{DB58FA22-1430-4085-BAEC-C967D59FAE23}.Debug|x86.Build.0 = Debug|Any CPU
		{DB58FA22-1430-4085-BAEC-C967D59FAE23}.Release|Any CPU.ActiveCfg = Release|Any CPU
		{DB58FA22-1430-4085-BAEC-C967D59FAE23}.Release|Any CPU.Build.0 = Release|Any CPU
		{DB58FA22-1430-4085-BAEC-C967D59FAE23}.Release|x64.ActiveCfg = Release|Any CPU
		{DB58FA22-1430-4085-BAEC-C967D59FAE23}.Release|x64.Build.0 = Release|Any CPU
		{DB58FA22-1430-4085-BAEC-C967D59FAE23}.Release|x86.ActiveCfg = Release|Any CPU
		{DB58FA22-1430-4085-BAEC-C967D59FAE23}.Release|x86.Build.0 = Release|Any CPU
		{0982538E-EB02-44E9-BC2A-306F67F130FE}.Debug|Any CPU.ActiveCfg = Debug|Any CPU
		{0982538E-EB02-44E9-BC2A-306F67F130FE}.Debug|Any CPU.Build.0 = Debug|Any CPU
		{0982538E-EB02-44E9-BC2A-306F67F130FE}.Debug|x64.ActiveCfg = Debug|Any CPU
		{0982538E-EB02-44E9-BC2A-306F67F130FE}.Debug|x64.Build.0 = Debug|Any CPU
		{0982538E-EB02-44E9-BC2A-306F67F130FE}.Debug|x86.ActiveCfg = Debug|Any CPU
		{0982538E-EB02-44E9-BC2A-306F67F130FE}.Debug|x86.Build.0 = Debug|Any CPU
		{0982538E-EB02-44E9-BC2A-306F67F130FE}.Release|Any CPU.ActiveCfg = Release|Any CPU
		{0982538E-EB02-44E9-BC2A-306F67F130FE}.Release|Any CPU.Build.0 = Release|Any CPU
		{0982538E-EB02-44E9-BC2A-306F67F130FE}.Release|x64.ActiveCfg = Release|Any CPU
		{0982538E-EB02-44E9-BC2A-306F67F130FE}.Release|x64.Build.0 = Release|Any CPU
		{0982538E-EB02-44E9-BC2A-306F67F130FE}.Release|x86.ActiveCfg = Release|Any CPU
		{0982538E-EB02-44E9-BC2A-306F67F130FE}.Release|x86.Build.0 = Release|Any CPU
		{18CC3109-2446-4585-906E-A7774725FF62}.Debug|Any CPU.ActiveCfg = Debug|Any CPU
		{18CC3109-2446-4585-906E-A7774725FF62}.Debug|Any CPU.Build.0 = Debug|Any CPU
		{18CC3109-2446-4585-906E-A7774725FF62}.Debug|x64.ActiveCfg = Debug|Any CPU
		{18CC3109-2446-4585-906E-A7774725FF62}.Debug|x64.Build.0 = Debug|Any CPU
		{18CC3109-2446-4585-906E-A7774725FF62}.Debug|x86.ActiveCfg = Debug|Any CPU
		{18CC3109-2446-4585-906E-A7774725FF62}.Debug|x86.Build.0 = Debug|Any CPU
		{18CC3109-2446-4585-906E-A7774725FF62}.Release|Any CPU.ActiveCfg = Release|Any CPU
		{18CC3109-2446-4585-906E-A7774725FF62}.Release|Any CPU.Build.0 = Release|Any CPU
		{18CC3109-2446-4585-906E-A7774725FF62}.Release|x64.ActiveCfg = Release|Any CPU
		{18CC3109-2446-4585-906E-A7774725FF62}.Release|x64.Build.0 = Release|Any CPU
		{18CC3109-2446-4585-906E-A7774725FF62}.Release|x86.ActiveCfg = Release|Any CPU
		{18CC3109-2446-4585-906E-A7774725FF62}.Release|x86.Build.0 = Release|Any CPU
		{2035A998-C68C-46DC-B4D9-FB8D69BC85F4}.Debug|Any CPU.ActiveCfg = Debug|Any CPU
		{2035A998-C68C-46DC-B4D9-FB8D69BC85F4}.Debug|Any CPU.Build.0 = Debug|Any CPU
		{2035A998-C68C-46DC-B4D9-FB8D69BC85F4}.Debug|x64.ActiveCfg = Debug|Any CPU
		{2035A998-C68C-46DC-B4D9-FB8D69BC85F4}.Debug|x64.Build.0 = Debug|Any CPU
		{2035A998-C68C-46DC-B4D9-FB8D69BC85F4}.Debug|x86.ActiveCfg = Debug|Any CPU
		{2035A998-C68C-46DC-B4D9-FB8D69BC85F4}.Debug|x86.Build.0 = Debug|Any CPU
		{2035A998-C68C-46DC-B4D9-FB8D69BC85F4}.Release|Any CPU.ActiveCfg = Release|Any CPU
		{2035A998-C68C-46DC-B4D9-FB8D69BC85F4}.Release|Any CPU.Build.0 = Release|Any CPU
		{2035A998-C68C-46DC-B4D9-FB8D69BC85F4}.Release|x64.ActiveCfg = Release|Any CPU
		{2035A998-C68C-46DC-B4D9-FB8D69BC85F4}.Release|x64.Build.0 = Release|Any CPU
		{2035A998-C68C-46DC-B4D9-FB8D69BC85F4}.Release|x86.ActiveCfg = Release|Any CPU
		{2035A998-C68C-46DC-B4D9-FB8D69BC85F4}.Release|x86.Build.0 = Release|Any CPU
		{8A4809B7-962B-44FF-B65D-C0E60C0F974B}.Debug|Any CPU.ActiveCfg = Debug|Any CPU
		{8A4809B7-962B-44FF-B65D-C0E60C0F974B}.Debug|Any CPU.Build.0 = Debug|Any CPU
		{8A4809B7-962B-44FF-B65D-C0E60C0F974B}.Debug|x64.ActiveCfg = Debug|Any CPU
		{8A4809B7-962B-44FF-B65D-C0E60C0F974B}.Debug|x64.Build.0 = Debug|Any CPU
		{8A4809B7-962B-44FF-B65D-C0E60C0F974B}.Debug|x86.ActiveCfg = Debug|Any CPU
		{8A4809B7-962B-44FF-B65D-C0E60C0F974B}.Debug|x86.Build.0 = Debug|Any CPU
		{8A4809B7-962B-44FF-B65D-C0E60C0F974B}.Release|Any CPU.ActiveCfg = Release|Any CPU
		{8A4809B7-962B-44FF-B65D-C0E60C0F974B}.Release|Any CPU.Build.0 = Release|Any CPU
		{8A4809B7-962B-44FF-B65D-C0E60C0F974B}.Release|x64.ActiveCfg = Release|Any CPU
		{8A4809B7-962B-44FF-B65D-C0E60C0F974B}.Release|x64.Build.0 = Release|Any CPU
		{8A4809B7-962B-44FF-B65D-C0E60C0F974B}.Release|x86.ActiveCfg = Release|Any CPU
		{8A4809B7-962B-44FF-B65D-C0E60C0F974B}.Release|x86.Build.0 = Release|Any CPU
		{8D640E83-D124-45DF-AAF1-1965CBE8960C}.Debug|Any CPU.ActiveCfg = Debug|Any CPU
		{8D640E83-D124-45DF-AAF1-1965CBE8960C}.Debug|Any CPU.Build.0 = Debug|Any CPU
		{8D640E83-D124-45DF-AAF1-1965CBE8960C}.Debug|x64.ActiveCfg = Debug|Any CPU
		{8D640E83-D124-45DF-AAF1-1965CBE8960C}.Debug|x64.Build.0 = Debug|Any CPU
		{8D640E83-D124-45DF-AAF1-1965CBE8960C}.Debug|x86.ActiveCfg = Debug|Any CPU
		{8D640E83-D124-45DF-AAF1-1965CBE8960C}.Debug|x86.Build.0 = Debug|Any CPU
		{8D640E83-D124-45DF-AAF1-1965CBE8960C}.Release|Any CPU.ActiveCfg = Release|Any CPU
		{8D640E83-D124-45DF-AAF1-1965CBE8960C}.Release|Any CPU.Build.0 = Release|Any CPU
		{8D640E83-D124-45DF-AAF1-1965CBE8960C}.Release|x64.ActiveCfg = Release|Any CPU
		{8D640E83-D124-45DF-AAF1-1965CBE8960C}.Release|x64.Build.0 = Release|Any CPU
		{8D640E83-D124-45DF-AAF1-1965CBE8960C}.Release|x86.ActiveCfg = Release|Any CPU
		{8D640E83-D124-45DF-AAF1-1965CBE8960C}.Release|x86.Build.0 = Release|Any CPU
		{1A5B56BC-0455-4B39-B928-6BB4892C705A}.Debug|Any CPU.ActiveCfg = Debug|Any CPU
		{1A5B56BC-0455-4B39-B928-6BB4892C705A}.Debug|Any CPU.Build.0 = Debug|Any CPU
		{1A5B56BC-0455-4B39-B928-6BB4892C705A}.Debug|x64.ActiveCfg = Debug|Any CPU
		{1A5B56BC-0455-4B39-B928-6BB4892C705A}.Debug|x64.Build.0 = Debug|Any CPU
		{1A5B56BC-0455-4B39-B928-6BB4892C705A}.Debug|x86.ActiveCfg = Debug|Any CPU
		{1A5B56BC-0455-4B39-B928-6BB4892C705A}.Debug|x86.Build.0 = Debug|Any CPU
		{1A5B56BC-0455-4B39-B928-6BB4892C705A}.Release|Any CPU.ActiveCfg = Release|Any CPU
		{1A5B56BC-0455-4B39-B928-6BB4892C705A}.Release|Any CPU.Build.0 = Release|Any CPU
		{1A5B56BC-0455-4B39-B928-6BB4892C705A}.Release|x64.ActiveCfg = Release|Any CPU
		{1A5B56BC-0455-4B39-B928-6BB4892C705A}.Release|x64.Build.0 = Release|Any CPU
		{1A5B56BC-0455-4B39-B928-6BB4892C705A}.Release|x86.ActiveCfg = Release|Any CPU
		{1A5B56BC-0455-4B39-B928-6BB4892C705A}.Release|x86.Build.0 = Release|Any CPU
		{1B11A5BE-9ECB-4D25-B78F-62ADADB7198E}.Debug|Any CPU.ActiveCfg = Debug|Any CPU
		{1B11A5BE-9ECB-4D25-B78F-62ADADB7198E}.Debug|Any CPU.Build.0 = Debug|Any CPU
		{1B11A5BE-9ECB-4D25-B78F-62ADADB7198E}.Debug|x64.ActiveCfg = Debug|Any CPU
		{1B11A5BE-9ECB-4D25-B78F-62ADADB7198E}.Debug|x64.Build.0 = Debug|Any CPU
		{1B11A5BE-9ECB-4D25-B78F-62ADADB7198E}.Debug|x86.ActiveCfg = Debug|Any CPU
		{1B11A5BE-9ECB-4D25-B78F-62ADADB7198E}.Debug|x86.Build.0 = Debug|Any CPU
		{1B11A5BE-9ECB-4D25-B78F-62ADADB7198E}.Release|Any CPU.ActiveCfg = Release|Any CPU
		{1B11A5BE-9ECB-4D25-B78F-62ADADB7198E}.Release|Any CPU.Build.0 = Release|Any CPU
		{1B11A5BE-9ECB-4D25-B78F-62ADADB7198E}.Release|x64.ActiveCfg = Release|Any CPU
		{1B11A5BE-9ECB-4D25-B78F-62ADADB7198E}.Release|x64.Build.0 = Release|Any CPU
		{1B11A5BE-9ECB-4D25-B78F-62ADADB7198E}.Release|x86.ActiveCfg = Release|Any CPU
		{1B11A5BE-9ECB-4D25-B78F-62ADADB7198E}.Release|x86.Build.0 = Release|Any CPU
		{3091A406-7E14-4273-9342-07E99B190A85}.Debug|Any CPU.ActiveCfg = Debug|Any CPU
		{3091A406-7E14-4273-9342-07E99B190A85}.Debug|Any CPU.Build.0 = Debug|Any CPU
		{3091A406-7E14-4273-9342-07E99B190A85}.Debug|x64.ActiveCfg = Debug|Any CPU
		{3091A406-7E14-4273-9342-07E99B190A85}.Debug|x64.Build.0 = Debug|Any CPU
		{3091A406-7E14-4273-9342-07E99B190A85}.Debug|x86.ActiveCfg = Debug|Any CPU
		{3091A406-7E14-4273-9342-07E99B190A85}.Debug|x86.Build.0 = Debug|Any CPU
		{3091A406-7E14-4273-9342-07E99B190A85}.Release|Any CPU.ActiveCfg = Release|Any CPU
		{3091A406-7E14-4273-9342-07E99B190A85}.Release|Any CPU.Build.0 = Release|Any CPU
		{3091A406-7E14-4273-9342-07E99B190A85}.Release|x64.ActiveCfg = Release|Any CPU
		{3091A406-7E14-4273-9342-07E99B190A85}.Release|x64.Build.0 = Release|Any CPU
		{3091A406-7E14-4273-9342-07E99B190A85}.Release|x86.ActiveCfg = Release|Any CPU
		{3091A406-7E14-4273-9342-07E99B190A85}.Release|x86.Build.0 = Release|Any CPU
		{4E203990-FA33-4FA2-A059-5E01E5A31F68}.Debug|Any CPU.ActiveCfg = Debug|Any CPU
		{4E203990-FA33-4FA2-A059-5E01E5A31F68}.Debug|Any CPU.Build.0 = Debug|Any CPU
		{4E203990-FA33-4FA2-A059-5E01E5A31F68}.Debug|x64.ActiveCfg = Debug|Any CPU
		{4E203990-FA33-4FA2-A059-5E01E5A31F68}.Debug|x64.Build.0 = Debug|Any CPU
		{4E203990-FA33-4FA2-A059-5E01E5A31F68}.Debug|x86.ActiveCfg = Debug|Any CPU
		{4E203990-FA33-4FA2-A059-5E01E5A31F68}.Debug|x86.Build.0 = Debug|Any CPU
		{4E203990-FA33-4FA2-A059-5E01E5A31F68}.Release|Any CPU.ActiveCfg = Release|Any CPU
		{4E203990-FA33-4FA2-A059-5E01E5A31F68}.Release|Any CPU.Build.0 = Release|Any CPU
		{4E203990-FA33-4FA2-A059-5E01E5A31F68}.Release|x64.ActiveCfg = Release|Any CPU
		{4E203990-FA33-4FA2-A059-5E01E5A31F68}.Release|x64.Build.0 = Release|Any CPU
		{4E203990-FA33-4FA2-A059-5E01E5A31F68}.Release|x86.ActiveCfg = Release|Any CPU
		{4E203990-FA33-4FA2-A059-5E01E5A31F68}.Release|x86.Build.0 = Release|Any CPU
		{7137B7E8-83AC-48B3-9CE6-652ACE82CF0B}.Debug|Any CPU.ActiveCfg = Debug|Any CPU
		{7137B7E8-83AC-48B3-9CE6-652ACE82CF0B}.Debug|Any CPU.Build.0 = Debug|Any CPU
		{7137B7E8-83AC-48B3-9CE6-652ACE82CF0B}.Debug|x64.ActiveCfg = Debug|Any CPU
		{7137B7E8-83AC-48B3-9CE6-652ACE82CF0B}.Debug|x64.Build.0 = Debug|Any CPU
		{7137B7E8-83AC-48B3-9CE6-652ACE82CF0B}.Debug|x86.ActiveCfg = Debug|Any CPU
		{7137B7E8-83AC-48B3-9CE6-652ACE82CF0B}.Debug|x86.Build.0 = Debug|Any CPU
		{7137B7E8-83AC-48B3-9CE6-652ACE82CF0B}.Release|Any CPU.ActiveCfg = Release|Any CPU
		{7137B7E8-83AC-48B3-9CE6-652ACE82CF0B}.Release|Any CPU.Build.0 = Release|Any CPU
		{7137B7E8-83AC-48B3-9CE6-652ACE82CF0B}.Release|x64.ActiveCfg = Release|Any CPU
		{7137B7E8-83AC-48B3-9CE6-652ACE82CF0B}.Release|x64.Build.0 = Release|Any CPU
		{7137B7E8-83AC-48B3-9CE6-652ACE82CF0B}.Release|x86.ActiveCfg = Release|Any CPU
		{7137B7E8-83AC-48B3-9CE6-652ACE82CF0B}.Release|x86.Build.0 = Release|Any CPU
		{D3DD7134-9825-4E5F-864A-DCA5E81E035B}.Debug|Any CPU.ActiveCfg = Debug|Any CPU
		{D3DD7134-9825-4E5F-864A-DCA5E81E035B}.Debug|Any CPU.Build.0 = Debug|Any CPU
		{D3DD7134-9825-4E5F-864A-DCA5E81E035B}.Debug|x64.ActiveCfg = Debug|Any CPU
		{D3DD7134-9825-4E5F-864A-DCA5E81E035B}.Debug|x64.Build.0 = Debug|Any CPU
		{D3DD7134-9825-4E5F-864A-DCA5E81E035B}.Debug|x86.ActiveCfg = Debug|Any CPU
		{D3DD7134-9825-4E5F-864A-DCA5E81E035B}.Debug|x86.Build.0 = Debug|Any CPU
		{D3DD7134-9825-4E5F-864A-DCA5E81E035B}.Release|Any CPU.ActiveCfg = Release|Any CPU
		{D3DD7134-9825-4E5F-864A-DCA5E81E035B}.Release|Any CPU.Build.0 = Release|Any CPU
		{D3DD7134-9825-4E5F-864A-DCA5E81E035B}.Release|x64.ActiveCfg = Release|Any CPU
		{D3DD7134-9825-4E5F-864A-DCA5E81E035B}.Release|x64.Build.0 = Release|Any CPU
		{D3DD7134-9825-4E5F-864A-DCA5E81E035B}.Release|x86.ActiveCfg = Release|Any CPU
		{D3DD7134-9825-4E5F-864A-DCA5E81E035B}.Release|x86.Build.0 = Release|Any CPU
	EndGlobalSection
	GlobalSection(SolutionProperties) = preSolution
		HideSolutionNode = FALSE
	EndGlobalSection
	GlobalSection(NestedProjects) = preSolution
		{095E1293-B9E6-4219-8281-C3751213C6F9} = {675BDD80-2E05-11EB-8679-99160BAD5981}
		{6432A39A-717F-4931-ACD7-64A193601F86} = {675BDD80-2E05-11EB-8679-99160BAD5981}
		{441B7B4B-B617-4E58-B5E7-CD5230F04837} = {AF5C0D40-2E7C-11EB-80C1-D51FD0BCC0D5}
		{DB58FA22-1430-4085-BAEC-C967D59FAE23} = {F27E0301-B12E-4385-8B61-700A39253212}
		{0982538E-EB02-44E9-BC2A-306F67F130FE} = {F27E0301-B12E-4385-8B61-700A39253212}
		{18CC3109-2446-4585-906E-A7774725FF62} = {F27E0301-B12E-4385-8B61-700A39253212}
		{2035A998-C68C-46DC-B4D9-FB8D69BC85F4} = {3EFD5A4F-1832-4935-ABAB-140849492F85}
		{8A4809B7-962B-44FF-B65D-C0E60C0F974B} = {3EFD5A4F-1832-4935-ABAB-140849492F85}
		{8D640E83-D124-45DF-AAF1-1965CBE8960C} = {3EFD5A4F-1832-4935-ABAB-140849492F85}
		{1A5B56BC-0455-4B39-B928-6BB4892C705A} = {3EFD5A4F-1832-4935-ABAB-140849492F85}
		{1B11A5BE-9ECB-4D25-B78F-62ADADB7198E} = {CA385396-7018-4099-96FC-7F56EB1AF7B2}
		{3091A406-7E14-4273-9342-07E99B190A85} = {CA385396-7018-4099-96FC-7F56EB1AF7B2}
		{4E203990-FA33-4FA2-A059-5E01E5A31F68} = {CA385396-7018-4099-96FC-7F56EB1AF7B2}
		{7137B7E8-83AC-48B3-9CE6-652ACE82CF0B} = {CA385396-7018-4099-96FC-7F56EB1AF7B2}
		{D3DD7134-9825-4E5F-864A-DCA5E81E035B} = {CA385396-7018-4099-96FC-7F56EB1AF7B2}
	EndGlobalSection
	GlobalSection(ExtensibilityGlobals) = postSolution
		SolutionGuid = {2E1C549C-BE35-4EB6-8B33-34B3327E5B33}
	EndGlobalSection
EndGlobal
